
Microsoft Visual Studio Solution File, Format Version 12.00
# Visual Studio Version 17
VisualStudioVersion = 17.4.33213.308
MinimumVisualStudioVersion = 10.0.40219.1
Project("{9A19103F-16F7-4668-BE54-9A1E7A4F7556}") = "savoir", "savoir.csproj", "{1AF9458F-6694-41B7-BCD4-14D64F158303}"
EndProject
Project("{FAE04EC0-301F-11D3-BF4B-00C04F79EFBC}") = "Testing Blazor App", "..\Testing Blazor App\Testing Blazor App.csproj", "{EA00E273-22AF-42FF-A67C-73002B24DBD5}"
EndProject
Global
	GlobalSection(SolutionConfigurationPlatforms) = preSolution
		Debug|Any CPU = Debug|Any CPU
		Release|Any CPU = Release|Any CPU
	EndGlobalSection
	GlobalSection(ProjectConfigurationPlatforms) = postSolution
		{1AF9458F-6694-41B7-BCD4-14D64F158303}.Debug|Any CPU.ActiveCfg = Debug|Any CPU
		{1AF9458F-6694-41B7-BCD4-14D64F158303}.Debug|Any CPU.Build.0 = Debug|Any CPU
		{1AF9458F-6694-41B7-BCD4-14D64F158303}.Release|Any CPU.ActiveCfg = Release|Any CPU
		{1AF9458F-6694-41B7-BCD4-14D64F158303}.Release|Any CPU.Build.0 = Release|Any CPU
		{EA00E273-22AF-42FF-A67C-73002B24DBD5}.Debug|Any CPU.ActiveCfg = Debug|Any CPU
		{EA00E273-22AF-42FF-A67C-73002B24DBD5}.Debug|Any CPU.Build.0 = Debug|Any CPU
		{EA00E273-22AF-42FF-A67C-73002B24DBD5}.Release|Any CPU.ActiveCfg = Release|Any CPU
		{EA00E273-22AF-42FF-A67C-73002B24DBD5}.Release|Any CPU.Build.0 = Release|Any CPU
	EndGlobalSection
	GlobalSection(SolutionProperties) = preSolution
		HideSolutionNode = FALSE
	EndGlobalSection
	GlobalSection(ExtensibilityGlobals) = postSolution
		SolutionGuid = {A5BE7068-7F42-4601-913F-454365C4EE66}
	EndGlobalSection
EndGlobal
